
Microsoft Visual Studio Solution File, Format Version 11.00
# Visual Studio 2010
Project("{FAE04EC0-301F-11D3-BF4B-00C04F79EFBC}") = "WorkSpace", "Assembly-CSharp.csproj", "{86489004-9A83-E913-A03D-5C927FDE3DFE}"
EndProject
Project("{FAE04EC0-301F-11D3-BF4B-00C04F79EFBC}") = "WorkSpace", "Assembly-CSharp-Editor.csproj", "{D4CDA42C-9EDD-50EE-2002-C9787CA64E21}"
EndProject
Global
	GlobalSection(SolutionConfigurationPlatforms) = preSolution
		Debug|Any CPU = Debug|Any CPU
		Release|Any CPU = Release|Any CPU
	EndGlobalSection
	GlobalSection(ProjectConfigurationPlatforms) = postSolution
		{86489004-9A83-E913-A03D-5C927FDE3DFE}.Debug|Any CPU.ActiveCfg = Debug|Any CPU
		{86489004-9A83-E913-A03D-5C927FDE3DFE}.Debug|Any CPU.Build.0 = Debug|Any CPU
		{86489004-9A83-E913-A03D-5C927FDE3DFE}.Release|Any CPU.ActiveCfg = Release|Any CPU
		{86489004-9A83-E913-A03D-5C927FDE3DFE}.Release|Any CPU.Build.0 = Release|Any CPU
		{D4CDA42C-9EDD-50EE-2002-C9787CA64E21}.Debug|Any CPU.ActiveCfg = Debug|Any CPU
		{D4CDA42C-9EDD-50EE-2002-C9787CA64E21}.Debug|Any CPU.Build.0 = Debug|Any CPU
		{D4CDA42C-9EDD-50EE-2002-C9787CA64E21}.Release|Any CPU.ActiveCfg = Release|Any CPU
		{D4CDA42C-9EDD-50EE-2002-C9787CA64E21}.Release|Any CPU.Build.0 = Release|Any CPU
	EndGlobalSection
	GlobalSection(SolutionProperties) = preSolution
		HideSolutionNode = FALSE
	EndGlobalSection
	GlobalSection(MonoDevelopProperties) = preSolution
		StartupItem = Assembly-CSharp.csproj
	EndGlobalSection
EndGlobal
